
Microsoft Visual Studio Solution File, Format Version 12.00
# Visual Studio Version 16
VisualStudioVersion = 16.0.29709.97
MinimumVisualStudioVersion = 10.0.40219.1
Project("{FAE04EC0-301F-11D3-BF4B-00C04F79EFBC}") = "ConsoleApp", "ConsoleApp.csproj", "{0FCEE333-9672-4A26-8451-12B24B9D5C11}"
EndProject
Global
	GlobalSection(SolutionConfigurationPlatforms) = preSolution
		Debug|Any CPU = Debug|Any CPU
		Release|Any CPU = Release|Any CPU
	EndGlobalSection
	GlobalSection(ProjectConfigurationPlatforms) = postSolution
		{0FCEE333-9672-4A26-8451-12B24B9D5C11}.Debug|Any CPU.ActiveCfg = Debug|Any CPU
		{0FCEE333-9672-4A26-8451-12B24B9D5C11}.Debug|Any CPU.Build.0 = Debug|Any CPU
		{0FCEE333-9672-4A26-8451-12B24B9D5C11}.Release|Any CPU.ActiveCfg = Release|Any CPU
		{0FCEE333-9672-4A26-8451-12B24B9D5C11}.Release|Any CPU.Build.0 = Release|Any CPU
	EndGlobalSection
	GlobalSection(SolutionProperties) = preSolution
		HideSolutionNode = FALSE
	EndGlobalSection
	GlobalSection(ExtensibilityGlobals) = postSolution
		SolutionGuid = {C306154F-1CB7-4880-99A2-F77E9F9F8DEA}
	EndGlobalSection
EndGlobal
